
Microsoft Visual Studio Solution File, Format Version 12.00
# Visual Studio Version 16
VisualStudioVersion = 16.0.31515.178
MinimumVisualStudioVersion = 10.0.40219.1
Project("{FAE04EC0-301F-11D3-BF4B-00C04F79EFBC}") = "Letters.MVC", "Letters.MVC\Letters.MVC.csproj", "{099BB76E-F8AD-425E-87EE-9AADDC217249}"
EndProject
Project("{FAE04EC0-301F-11D3-BF4B-00C04F79EFBC}") = "Letters.Data", "Letters.Data\Letters.Data.csproj", "{5B507B4D-DCD9-4393-A612-16F10540469C}"
EndProject
Project("{FAE04EC0-301F-11D3-BF4B-00C04F79EFBC}") = "Letters.Models", "Letters.Models\Letters.Models.csproj", "{067CD87E-1945-41D8-A86D-57CD30E12CE9}"
EndProject
Project("{FAE04EC0-301F-11D3-BF4B-00C04F79EFBC}") = "Letters.Services", "Letters.Services\Letters.Services.csproj", "{115F2322-5F03-49E2-BE77-6901C4E7F312}"
EndProject
Global
	GlobalSection(SolutionConfigurationPlatforms) = preSolution
		Debug|Any CPU = Debug|Any CPU
		Release|Any CPU = Release|Any CPU
	EndGlobalSection
	GlobalSection(ProjectConfigurationPlatforms) = postSolution
		{099BB76E-F8AD-425E-87EE-9AADDC217249}.Debug|Any CPU.ActiveCfg = Debug|Any CPU
		{099BB76E-F8AD-425E-87EE-9AADDC217249}.Debug|Any CPU.Build.0 = Debug|Any CPU
		{099BB76E-F8AD-425E-87EE-9AADDC217249}.Release|Any CPU.ActiveCfg = Release|Any CPU
		{099BB76E-F8AD-425E-87EE-9AADDC217249}.Release|Any CPU.Build.0 = Release|Any CPU
		{5B507B4D-DCD9-4393-A612-16F10540469C}.Debug|Any CPU.ActiveCfg = Debug|Any CPU
		{5B507B4D-DCD9-4393-A612-16F10540469C}.Debug|Any CPU.Build.0 = Debug|Any CPU
		{5B507B4D-DCD9-4393-A612-16F10540469C}.Release|Any CPU.ActiveCfg = Release|Any CPU
		{5B507B4D-DCD9-4393-A612-16F10540469C}.Release|Any CPU.Build.0 = Release|Any CPU
		{067CD87E-1945-41D8-A86D-57CD30E12CE9}.Debug|Any CPU.ActiveCfg = Debug|Any CPU
		{067CD87E-1945-41D8-A86D-57CD30E12CE9}.Debug|Any CPU.Build.0 = Debug|Any CPU
		{067CD87E-1945-41D8-A86D-57CD30E12CE9}.Release|Any CPU.ActiveCfg = Release|Any CPU
		{067CD87E-1945-41D8-A86D-57CD30E12CE9}.Release|Any CPU.Build.0 = Release|Any CPU
		{115F2322-5F03-49E2-BE77-6901C4E7F312}.Debug|Any CPU.ActiveCfg = Debug|Any CPU
		{115F2322-5F03-49E2-BE77-6901C4E7F312}.Debug|Any CPU.Build.0 = Debug|Any CPU
		{115F2322-5F03-49E2-BE77-6901C4E7F312}.Release|Any CPU.ActiveCfg = Release|Any CPU
		{115F2322-5F03-49E2-BE77-6901C4E7F312}.Release|Any CPU.Build.0 = Release|Any CPU
	EndGlobalSection
	GlobalSection(SolutionProperties) = preSolution
		HideSolutionNode = FALSE
	EndGlobalSection
	GlobalSection(ExtensibilityGlobals) = postSolution
		SolutionGuid = {36F3C1B5-9732-4D51-88B2-9A901473A138}
	EndGlobalSection
EndGlobal
